
Microsoft Visual Studio Solution File, Format Version 12.00
# Visual Studio Version 17
VisualStudioVersion = 17.1.32421.90
MinimumVisualStudioVersion = 10.0.40219.1
Project("{FAE04EC0-301F-11D3-BF4B-00C04F79EFBC}") = "LuckyTickets", "LuckyTickets\LuckyTickets.csproj", "{BA7FDD9A-A20F-4A20-AB43-560968FD0D38}"
EndProject
Global
	GlobalSection(SolutionConfigurationPlatforms) = preSolution
		Debug|Any CPU = Debug|Any CPU
		Release|Any CPU = Release|Any CPU
	EndGlobalSection
	GlobalSection(ProjectConfigurationPlatforms) = postSolution
		{BA7FDD9A-A20F-4A20-AB43-560968FD0D38}.Debug|Any CPU.ActiveCfg = Debug|Any CPU
		{BA7FDD9A-A20F-4A20-AB43-560968FD0D38}.Debug|Any CPU.Build.0 = Debug|Any CPU
		{BA7FDD9A-A20F-4A20-AB43-560968FD0D38}.Release|Any CPU.ActiveCfg = Release|Any CPU
		{BA7FDD9A-A20F-4A20-AB43-560968FD0D38}.Release|Any CPU.Build.0 = Release|Any CPU
	EndGlobalSection
	GlobalSection(SolutionProperties) = preSolution
		HideSolutionNode = FALSE
	EndGlobalSection
	GlobalSection(ExtensibilityGlobals) = postSolution
		SolutionGuid = {E9ABF68F-1BEB-413D-A870-C8A0E0CCFA5F}
	EndGlobalSection
EndGlobal
